
Microsoft Visual Studio Solution File, Format Version 12.00
# Visual Studio 14
VisualStudioVersion = 14.0.25123.0
MinimumVisualStudioVersion = 10.0.40219.1
Project("{00D1A9C2-B5F0-4AF3-8072-F6C62B433612}") = "Database1", "Database1\Database1.sqlproj", "{13658231-FAD4-459B-B4D4-CB3F91268DB8}"
EndProject
Global
	GlobalSection(SolutionConfigurationPlatforms) = preSolution
		Debug|Any CPU = Debug|Any CPU
		Release|Any CPU = Release|Any CPU
	EndGlobalSection
	GlobalSection(ProjectConfigurationPlatforms) = postSolution
		{13658231-FAD4-459B-B4D4-CB3F91268DB8}.Debug|Any CPU.ActiveCfg = Debug|Any CPU
		{13658231-FAD4-459B-B4D4-CB3F91268DB8}.Debug|Any CPU.Build.0 = Debug|Any CPU
		{13658231-FAD4-459B-B4D4-CB3F91268DB8}.Debug|Any CPU.Deploy.0 = Debug|Any CPU
		{13658231-FAD4-459B-B4D4-CB3F91268DB8}.Release|Any CPU.ActiveCfg = Release|Any CPU
		{13658231-FAD4-459B-B4D4-CB3F91268DB8}.Release|Any CPU.Build.0 = Release|Any CPU
		{13658231-FAD4-459B-B4D4-CB3F91268DB8}.Release|Any CPU.Deploy.0 = Release|Any CPU
	EndGlobalSection
	GlobalSection(SolutionProperties) = preSolution
		HideSolutionNode = FALSE
	EndGlobalSection
EndGlobal
