
Microsoft Visual Studio Solution File, Format Version 12.00
# Visual Studio 14
VisualStudioVersion = 14.0.24720.0
MinimumVisualStudioVersion = 10.0.40219.1
Project("{FAE04EC0-301F-11D3-BF4B-00C04F79EFBC}") = "HW_6", "HW_6\HW_6.csproj", "{2BE46FC4-2357-4518-AD8C-033674E3BCAD}"
EndProject
Global
	GlobalSection(SolutionConfigurationPlatforms) = preSolution
		Debug|Any CPU = Debug|Any CPU
		Release|Any CPU = Release|Any CPU
	EndGlobalSection
	GlobalSection(ProjectConfigurationPlatforms) = postSolution
		{2BE46FC4-2357-4518-AD8C-033674E3BCAD}.Debug|Any CPU.ActiveCfg = Debug|Any CPU
		{2BE46FC4-2357-4518-AD8C-033674E3BCAD}.Debug|Any CPU.Build.0 = Debug|Any CPU
		{2BE46FC4-2357-4518-AD8C-033674E3BCAD}.Release|Any CPU.ActiveCfg = Release|Any CPU
		{2BE46FC4-2357-4518-AD8C-033674E3BCAD}.Release|Any CPU.Build.0 = Release|Any CPU
	EndGlobalSection
	GlobalSection(SolutionProperties) = preSolution
		HideSolutionNode = FALSE
	EndGlobalSection
EndGlobal
